
Microsoft Visual Studio Solution File, Format Version 12.00
# Visual Studio 15
Project("{FAE04EC0-301F-11D3-BF4B-00C04F79EFBC}") = "AstarPathfindingProject", "AstarPathfindingProject.csproj", "{24FD5C36-A6E6-CB43-301B-E3ACC60A0508}"
EndProject
Project("{FAE04EC0-301F-11D3-BF4B-00C04F79EFBC}") = "Assembly-CSharp", "Assembly-CSharp.csproj", "{90D26753-D984-4983-BC6C-55FE540A5863}"
EndProject
Project("{FAE04EC0-301F-11D3-BF4B-00C04F79EFBC}") = "AstarPathfindingProjectEditor", "AstarPathfindingProjectEditor.csproj", "{867995CA-7EC0-212D-D4ED-7AD1D92CA6D2}"
EndProject
Project("{FAE04EC0-301F-11D3-BF4B-00C04F79EFBC}") = "Assembly-CSharp-Editor", "Assembly-CSharp-Editor.csproj", "{8D4A1A13-F995-BBDC-DFBA-F528B6837119}"
EndProject
Project("{FAE04EC0-301F-11D3-BF4B-00C04F79EFBC}") = "PackageToolsEditor", "PackageToolsEditor.csproj", "{71E5996D-4C9C-0FBD-0003-1B160596E634}"
EndProject
Global
	GlobalSection(SolutionConfigurationPlatforms) = preSolution
		Debug|Any CPU = Debug|Any CPU
		Release|Any CPU = Release|Any CPU
	EndGlobalSection
	GlobalSection(ProjectConfigurationPlatforms) = postSolution
		{24FD5C36-A6E6-CB43-301B-E3ACC60A0508}.Debug|Any CPU.ActiveCfg = Debug|Any CPU
		{24FD5C36-A6E6-CB43-301B-E3ACC60A0508}.Debug|Any CPU.Build.0 = Debug|Any CPU
		{24FD5C36-A6E6-CB43-301B-E3ACC60A0508}.Release|Any CPU.ActiveCfg = Release|Any CPU
		{24FD5C36-A6E6-CB43-301B-E3ACC60A0508}.Release|Any CPU.Build.0 = Release|Any CPU
		{90D26753-D984-4983-BC6C-55FE540A5863}.Debug|Any CPU.ActiveCfg = Debug|Any CPU
		{90D26753-D984-4983-BC6C-55FE540A5863}.Debug|Any CPU.Build.0 = Debug|Any CPU
		{90D26753-D984-4983-BC6C-55FE540A5863}.Release|Any CPU.ActiveCfg = Release|Any CPU
		{90D26753-D984-4983-BC6C-55FE540A5863}.Release|Any CPU.Build.0 = Release|Any CPU
		{867995CA-7EC0-212D-D4ED-7AD1D92CA6D2}.Debug|Any CPU.ActiveCfg = Debug|Any CPU
		{867995CA-7EC0-212D-D4ED-7AD1D92CA6D2}.Debug|Any CPU.Build.0 = Debug|Any CPU
		{867995CA-7EC0-212D-D4ED-7AD1D92CA6D2}.Release|Any CPU.ActiveCfg = Release|Any CPU
		{867995CA-7EC0-212D-D4ED-7AD1D92CA6D2}.Release|Any CPU.Build.0 = Release|Any CPU
		{8D4A1A13-F995-BBDC-DFBA-F528B6837119}.Debug|Any CPU.ActiveCfg = Debug|Any CPU
		{8D4A1A13-F995-BBDC-DFBA-F528B6837119}.Debug|Any CPU.Build.0 = Debug|Any CPU
		{8D4A1A13-F995-BBDC-DFBA-F528B6837119}.Release|Any CPU.ActiveCfg = Release|Any CPU
		{8D4A1A13-F995-BBDC-DFBA-F528B6837119}.Release|Any CPU.Build.0 = Release|Any CPU
		{71E5996D-4C9C-0FBD-0003-1B160596E634}.Debug|Any CPU.ActiveCfg = Debug|Any CPU
		{71E5996D-4C9C-0FBD-0003-1B160596E634}.Debug|Any CPU.Build.0 = Debug|Any CPU
		{71E5996D-4C9C-0FBD-0003-1B160596E634}.Release|Any CPU.ActiveCfg = Release|Any CPU
		{71E5996D-4C9C-0FBD-0003-1B160596E634}.Release|Any CPU.Build.0 = Release|Any CPU
	EndGlobalSection
	GlobalSection(SolutionProperties) = preSolution
		HideSolutionNode = FALSE
	EndGlobalSection
EndGlobal
